
Microsoft Visual Studio Solution File, Format Version 12.00
# Visual Studio Version 16
VisualStudioVersion = 16.0.30225.117
MinimumVisualStudioVersion = 10.0.40219.1
Project("{9A19103F-16F7-4668-BE54-9A1E7A4F7556}") = "NUnitTestProject", "NUnitTestProject\NUnitTestProject.csproj", "{A078B5B3-F15B-4688-8647-DCC0E347CC4E}"
EndProject
Global
	GlobalSection(SolutionConfigurationPlatforms) = preSolution
		Debug|Any CPU = Debug|Any CPU
		Release|Any CPU = Release|Any CPU
	EndGlobalSection
	GlobalSection(ProjectConfigurationPlatforms) = postSolution
		{A078B5B3-F15B-4688-8647-DCC0E347CC4E}.Debug|Any CPU.ActiveCfg = Debug|Any CPU
		{A078B5B3-F15B-4688-8647-DCC0E347CC4E}.Debug|Any CPU.Build.0 = Debug|Any CPU
		{A078B5B3-F15B-4688-8647-DCC0E347CC4E}.Release|Any CPU.ActiveCfg = Release|Any CPU
		{A078B5B3-F15B-4688-8647-DCC0E347CC4E}.Release|Any CPU.Build.0 = Release|Any CPU
	EndGlobalSection
	GlobalSection(SolutionProperties) = preSolution
		HideSolutionNode = FALSE
	EndGlobalSection
	GlobalSection(ExtensibilityGlobals) = postSolution
		SolutionGuid = {EBA4F6D7-31C7-4261-A331-D1644CAB717B}
	EndGlobalSection
EndGlobal
