
Microsoft Visual Studio Solution File, Format Version 12.00
# Visual Studio Version 16
VisualStudioVersion = 16.0.30225.117
MinimumVisualStudioVersion = 10.0.40219.1
Project("{FAE04EC0-301F-11D3-BF4B-00C04F79EFBC}") = "NtierWebApplication", "NtierWebApplication.csproj", "{07B189FD-D02D-47AB-A737-2FFCD48812F7}"
EndProject
Global
	GlobalSection(SolutionConfigurationPlatforms) = preSolution
		Debug|Any CPU = Debug|Any CPU
		Release|Any CPU = Release|Any CPU
	EndGlobalSection
	GlobalSection(ProjectConfigurationPlatforms) = postSolution
		{07B189FD-D02D-47AB-A737-2FFCD48812F7}.Debug|Any CPU.ActiveCfg = Debug|Any CPU
		{07B189FD-D02D-47AB-A737-2FFCD48812F7}.Debug|Any CPU.Build.0 = Debug|Any CPU
		{07B189FD-D02D-47AB-A737-2FFCD48812F7}.Release|Any CPU.ActiveCfg = Release|Any CPU
		{07B189FD-D02D-47AB-A737-2FFCD48812F7}.Release|Any CPU.Build.0 = Release|Any CPU
	EndGlobalSection
	GlobalSection(SolutionProperties) = preSolution
		HideSolutionNode = FALSE
	EndGlobalSection
	GlobalSection(ExtensibilityGlobals) = postSolution
		SolutionGuid = {83125124-29CA-430F-A9F5-0EF0D4950A43}
	EndGlobalSection
EndGlobal
